
Microsoft Visual Studio Solution File, Format Version 12.00
# Visual Studio Version 16
VisualStudioVersion = 25.0.1704.3
MinimumVisualStudioVersion = 10.0.40219.1
Project("{FAE04EC0-301F-11D3-BF4B-00C04F79EFBC}") = "Web Application MVC", "Web Application MVC\Web Application MVC.csproj", "{F4040CC5-9113-4F5C-A005-D3CAE2FC14ED}"
EndProject
Global
	GlobalSection(SolutionConfigurationPlatforms) = preSolution
		Debug|Any CPU = Debug|Any CPU
		Release|Any CPU = Release|Any CPU
	EndGlobalSection
	GlobalSection(ProjectConfigurationPlatforms) = postSolution
		{F4040CC5-9113-4F5C-A005-D3CAE2FC14ED}.Debug|Any CPU.ActiveCfg = Debug|Any CPU
		{F4040CC5-9113-4F5C-A005-D3CAE2FC14ED}.Debug|Any CPU.Build.0 = Debug|Any CPU
		{F4040CC5-9113-4F5C-A005-D3CAE2FC14ED}.Release|Any CPU.ActiveCfg = Release|Any CPU
		{F4040CC5-9113-4F5C-A005-D3CAE2FC14ED}.Release|Any CPU.Build.0 = Release|Any CPU
	EndGlobalSection
	GlobalSection(SolutionProperties) = preSolution
		HideSolutionNode = FALSE
	EndGlobalSection
	GlobalSection(ExtensibilityGlobals) = postSolution
		SolutionGuid = {6D458369-BC37-4406-A234-46601C368E73}
	EndGlobalSection
EndGlobal
